// !$*UTF8*$!
{
	archiveVersion = 1;
	classes = {
	};
	objectVersion = 77;
	objects = {

/* Begin PBXContainerItemProxy section */
		C3F9F4642D20023800E16D68 /* PBXContainerItemProxy */ = {
			isa = PBXContainerItemProxy;
			containerPortal = C3F9F4452D20023500E16D68 /* Project object */;
			proxyType = 1;
			remoteGlobalIDString = C3F9F44C2D20023500E16D68;
			remoteInfo = PassingDataBetwenActivity;
		};
		C3F9F46E2D20023800E16D68 /* PBXContainerItemProxy */ = {
			isa = PBXContainerItemProxy;
			containerPortal = C3F9F4452D20023500E16D68 /* Project object */;
			proxyType = 1;
			remoteGlobalIDString = C3F9F44C2D20023500E16D68;
			remoteInfo = PassingDataBetwenActivity;
		};
/* End PBXContainerItemProxy section */

/* Begin PBXFileReference section */
		C3F9F44D2D20023500E16D68 /* PassingDataBetwenActivity.app */ = {isa = PBXFileReference; explicitFileType = wrapper.application; includeInIndex = 0; path = PassingDataBetwenActivity.app; sourceTree = BUILT_PRODUCTS_DIR; };
		C3F9F4632D20023800E16D68 /* PassingDataBetwenActivityTests.xctest */ = {isa = PBXFileReference; explicitFileType = wrapper.cfbundle; includeInIndex = 0; path = PassingDataBetwenActivityTests.xctest; sourceTree = BUILT_PRODUCTS_DIR; };
		C3F9F46D2D20023800E16D68 /* PassingDataBetwenActivityUITests.xctest */ = {isa = PBXFileReference; explicitFileType = wrapper.cfbundle; includeInIndex = 0; path = PassingDataBetwenActivityUITests.xctest; sourceTree = BUILT_PRODUCTS_DIR; };
/* End PBXFileReference section */

/* Begin PBXFileSystemSynchronizedBuildFileExceptionSet section */
		C3F9F4752D20023800E16D68 /* Exceptions for "PassingDataBetwenActivity" folder in "PassingDataBetwenActivity" target */ = {
			isa = PBXFileSystemSynchronizedBuildFileExceptionSet;
			membershipExceptions = (
				Info.plist,
			);
			target = C3F9F44C2D20023500E16D68 /* PassingDataBetwenActivity */;
		};
/* End PBXFileSystemSynchronizedBuildFileExceptionSet section */

/* Begin PBXFileSystemSynchronizedRootGroup section */
		C3F9F44F2D20023500E16D68 /* PassingDataBetwenActivity */ = {
			isa = PBXFileSystemSynchronizedRootGroup;
			exceptions = (
				C3F9F4752D20023800E16D68 /* Exceptions for "PassingDataBetwenActivity" folder in "PassingDataBetwenActivity" target */,
			);
			path = PassingDataBetwenActivity;
			sourceTree = "<group>";
		};
		C3F9F4662D20023800E16D68 /* PassingDataBetwenActivityTests */ = {
			isa = PBXFileSystemSynchronizedRootGroup;
			path = PassingDataBetwenActivityTests;
			sourceTree = "<group>";
		};
		C3F9F4702D20023800E16D68 /* PassingDataBetwenActivityUITests */ = {
			isa = PBXFileSystemSynchronizedRootGroup;
			path = PassingDataBetwenActivityUITests;
			sourceTree = "<group>";
		};
/* End PBXFileSystemSynchronizedRootGroup section */

/* Begin PBXFrameworksBuildPhase section */
		C3F9F44A2D20023500E16D68 /* Frameworks */ = {
			isa = PBXFrameworksBuildPhase;
			buildActionMask = 2147483647;
			files = (
			);
			runOnlyForDeploymentPostprocessing = 0;
		};
		C3F9F4602D20023800E16D68 /* Frameworks */ = {
			isa = PBXFrameworksBuildPhase;
			buildActionMask = 2147483647;
			files = (
			);
			runOnlyForDeploymentPostprocessing = 0;
		};
		C3F9F46A2D20023800E16D68 /* Frameworks */ = {
			isa = PBXFrameworksBuildPhase;
			buildActionMask = 2147483647;
			files = (
			);
			runOnlyForDeploymentPostprocessing = 0;
		};
/* End PBXFrameworksBuildPhase section */

/* Begin PBXGroup section */
		C3F9F4442D20023500E16D68 = {
			isa = PBXGroup;
			children = (
				C3F9F44F2D20023500E16D68 /* PassingDataBetwenActivity */,
				C3F9F4662D20023800E16D68 /* PassingDataBetwenActivityTests */,
				C3F9F4702D20023800E16D68 /* PassingDataBetwenActivityUITests */,
				C3F9F44E2D20023500E16D68 /* Products */,
			);
			sourceTree = "<group>";
		};
		C3F9F44E2D20023500E16D68 /* Products */ = {
			isa = PBXGroup;
			children = (
				C3F9F44D2D20023500E16D68 /* PassingDataBetwenActivity.app */,
				C3F9F4632D20023800E16D68 /* PassingDataBetwenActivityTests.xctest */,
				C3F9F46D2D20023800E16D68 /* PassingDataBetwenActivityUITests.xctest */,
			);
			name = Products;
			sourceTree = "<group>";
		};
/* End PBXGroup section */

/* Begin PBXNativeTarget section */
		C3F9F44C2D20023500E16D68 /* PassingDataBetwenActivity */ = {
			isa = PBXNativeTarget;
			buildConfigurationList = C3F9F4762D20023800E16D68 /* Build configuration list for PBXNativeTarget "PassingDataBetwenActivity" */;
			buildPhases = (
				C3F9F4492D20023500E16D68 /* Sources */,
				C3F9F44A2D20023500E16D68 /* Frameworks */,
				C3F9F44B2D20023500E16D68 /* Resources */,
			);
			buildRules = (
			);
			dependencies = (
			);
			fileSystemSynchronizedGroups = (
				C3F9F44F2D20023500E16D68 /* PassingDataBetwenActivity */,
			);
			name = PassingDataBetwenActivity;
			packageProductDependencies = (
			);
			productName = PassingDataBetwenActivity;
			productReference = C3F9F44D2D20023500E16D68 /* PassingDataBetwenActivity.app */;
			productType = "com.apple.product-type.application";
		};
		C3F9F4622D20023800E16D68 /* PassingDataBetwenActivityTests */ = {
			isa = PBXNativeTarget;
			buildConfigurationList = C3F9F47B2D20023800E16D68 /* Build configuration list for PBXNativeTarget "PassingDataBetwenActivityTests" */;
			buildPhases = (
				C3F9F45F2D20023800E16D68 /* Sources */,
				C3F9F4602D20023800E16D68 /* Frameworks */,
				C3F9F4612D20023800E16D68 /* Resources */,
			);
			buildRules = (
			);
			dependencies = (
				C3F9F4652D20023800E16D68 /* PBXTargetDependency */,
			);
			fileSystemSynchronizedGroups = (
				C3F9F4662D20023800E16D68 /* PassingDataBetwenActivityTests */,
			);
			name = PassingDataBetwenActivityTests;
			packageProductDependencies = (
			);
			productName = PassingDataBetwenActivityTests;
			productReference = C3F9F4632D20023800E16D68 /* PassingDataBetwenActivityTests.xctest */;
			productType = "com.apple.product-type.bundle.unit-test";
		};
		C3F9F46C2D20023800E16D68 /* PassingDataBetwenActivityUITests */ = {
			isa = PBXNativeTarget;
			buildConfigurationList = C3F9F47E2D20023800E16D68 /* Build configuration list for PBXNativeTarget "PassingDataBetwenActivityUITests" */;
			buildPhases = (
				C3F9F4692D20023800E16D68 /* Sources */,
				C3F9F46A2D20023800E16D68 /* Frameworks */,
				C3F9F46B2D20023800E16D68 /* Resources */,
			);
			buildRules = (
			);
			dependencies = (
				C3F9F46F2D20023800E16D68 /* PBXTargetDependency */,
			);
			fileSystemSynchronizedGroups = (
				C3F9F4702D20023800E16D68 /* PassingDataBetwenActivityUITests */,
			);
			name = PassingDataBetwenActivityUITests;
			packageProductDependencies = (
			);
			productName = PassingDataBetwenActivityUITests;
			productReference = C3F9F46D2D20023800E16D68 /* PassingDataBetwenActivityUITests.xctest */;
			productType = "com.apple.product-type.bundle.ui-testing";
		};
/* End PBXNativeTarget section */

/* Begin PBXProject section */
		C3F9F4452D20023500E16D68 /* Project object */ = {
			isa = PBXProject;
			attributes = {
				BuildIndependentTargetsInParallel = 1;
				LastSwiftUpdateCheck = 1620;
				LastUpgradeCheck = 1620;
				TargetAttributes = {
					C3F9F44C2D20023500E16D68 = {
						CreatedOnToolsVersion = 16.2;
					};
					C3F9F4622D20023800E16D68 = {
						CreatedOnToolsVersion = 16.2;
						TestTargetID = C3F9F44C2D20023500E16D68;
					};
					C3F9F46C2D20023800E16D68 = {
						CreatedOnToolsVersion = 16.2;
						TestTargetID = C3F9F44C2D20023500E16D68;
					};
				};
			};
			buildConfigurationList = C3F9F4482D20023500E16D68 /* Build configuration list for PBXProject "PassingDataBetwenActivity" */;
			developmentRegion = en;
			hasScannedForEncodings = 0;
			knownRegions = (
				en,
				Base,
			);
			mainGroup = C3F9F4442D20023500E16D68;
			minimizedProjectReferenceProxies = 1;
			preferredProjectObjectVersion = 77;
			productRefGroup = C3F9F44E2D20023500E16D68 /* Products */;
			projectDirPath = "";
			projectRoot = "";
			targets = (
				C3F9F44C2D20023500E16D68 /* PassingDataBetwenActivity */,
				C3F9F4622D20023800E16D68 /* PassingDataBetwenActivityTests */,
				C3F9F46C2D20023800E16D68 /* PassingDataBetwenActivityUITests */,
			);
		};
/* End PBXProject section */

/* Begin PBXResourcesBuildPhase section */
		C3F9F44B2D20023500E16D68 /* Resources */ = {
			isa = PBXResourcesBuildPhase;
			buildActionMask = 2147483647;
			files = (
			);
			runOnlyForDeploymentPostprocessing = 0;
		};
		C3F9F4612D20023800E16D68 /* Resources */ = {
			isa = PBXResourcesBuildPhase;
			buildActionMask = 2147483647;
			files = (
			);
			runOnlyForDeploymentPostprocessing = 0;
		};
		C3F9F46B2D20023800E16D68 /* Resources */ = {
			isa = PBXResourcesBuildPhase;
			buildActionMask = 2147483647;
			files = (
			);
			runOnlyForDeploymentPostprocessing = 0;
		};
/* End PBXResourcesBuildPhase section */

/* Begin PBXSourcesBuildPhase section */
		C3F9F4492D20023500E16D68 /* Sources */ = {
			isa = PBXSourcesBuildPhase;
			buildActionMask = 2147483647;
			files = (
			);
			runOnlyForDeploymentPostprocessing = 0;
		};
		C3F9F45F2D20023800E16D68 /* Sources */ = {
			isa = PBXSourcesBuildPhase;
			buildActionMask = 2147483647;
			files = (
			);
			runOnlyForDeploymentPostprocessing = 0;
		};
		C3F9F4692D20023800E16D68 /* Sources */ = {
			isa = PBXSourcesBuildPhase;
			buildActionMask = 2147483647;
			files = (
			);
			runOnlyForDeploymentPostprocessing = 0;
		};
/* End PBXSourcesBuildPhase section */

/* Begin PBXTargetDependency section */
		C3F9F4652D20023800E16D68 /* PBXTargetDependency */ = {
			isa = PBXTargetDependency;
			target = C3F9F44C2D20023500E16D68 /* PassingDataBetwenActivity */;
			targetProxy = C3F9F4642D20023800E16D68 /* PBXContainerItemProxy */;
		};
		C3F9F46F2D20023800E16D68 /* PBXTargetDependency */ = {
			isa = PBXTargetDependency;
			target = C3F9F44C2D20023500E16D68 /* PassingDataBetwenActivity */;
			targetProxy = C3F9F46E2D20023800E16D68 /* PBXContainerItemProxy */;
		};
/* End PBXTargetDependency section */

/* Begin XCBuildConfiguration section */
		C3F9F4772D20023800E16D68 /* Debug */ = {
			isa = XCBuildConfiguration;
			buildSettings = {
				ASSETCATALOG_COMPILER_APPICON_NAME = AppIcon;
				ASSETCATALOG_COMPILER_GLOBAL_ACCENT_COLOR_NAME = AccentColor;
				CODE_SIGN_STYLE = Automatic;
				CURRENT_PROJECT_VERSION = 1;
				GENERATE_INFOPLIST_FILE = YES;
				INFOPLIST_FILE = PassingDataBetwenActivity/Info.plist;
				INFOPLIST_KEY_UIApplicationSupportsIndirectInputEvents = YES;
				INFOPLIST_KEY_UILaunchStoryboardName = LaunchScreen;
				INFOPLIST_KEY_UIMainStoryboardFile = Main;
				INFOPLIST_KEY_UISupportedInterfaceOrientations_iPad = "UIInterfaceOrientationPortrait UIInterfaceOrientationPortraitUpsideDown UIInterfaceOrientationLandscapeLeft UIInterfaceOrientationLandscapeRight";
				INFOPLIST_KEY_UISupportedInterfaceOrientations_iPhone = "UIInterfaceOrientationPortrait UIInterfaceOrientationLandscapeLeft UIInterfaceOrientationLandscapeRight";
				LD_RUNPATH_SEARCH_PATHS = (
					"$(inherited)",
					"@executable_path/Frameworks",
				);
				MARKETING_VERSION = 1.0;
				PRODUCT_BUNDLE_IDENTIFIER = com.yahya.PassingDataBetwenActivity;
				PRODUCT_NAME = "$(TARGET_NAME)";
				SWIFT_EMIT_LOC_STRINGS = YES;
				SWIFT_VERSION = 5.0;
				TARGETED_DEVICE_FAMILY = "1,2";
			};
			name = Debug;
		};
		C3F9F4782D20023800E16D68 /* Release */ = {
			isa = XCBuildConfiguration;
			buildSettings = {
				ASSETCATALOG_COMPILER_APPICON_NAME = AppIcon;
				ASSETCATALOG_COMPILER_GLOBAL_ACCENT_COLOR_NAME = AccentColor;
				CODE_SIGN_STYLE = Automatic;
				CURRENT_PROJECT_VERSION = 1;
				GENERATE_INFOPLIST_FILE = YES;
				INFOPLIST_FILE = PassingDataBetwenActivity/Info.plist;
				INFOPLIST_KEY_UIApplicationSupportsIndirectInputEvents = YES;
				INFOPLIST_KEY_UILaunchStoryboardName = LaunchScreen;
				INFOPLIST_KEY_UIMainStoryboardFile = Main;
				INFOPLIST_KEY_UISupportedInterfaceOrientations_iPad = "UIInterfaceOrientationPortrait UIInterfaceOrientationPortraitUpsideDown UIInterfaceOrientationLandscapeLeft UIInterfaceOrientationLandscapeRight";
				INFOPLIST_KEY_UISupportedInterfaceOrientations_iPhone = "UIInterfaceOrientationPortrait UIInterfaceOrientationLandscapeLeft UIInterfaceOrientationLandscapeRight";
				LD_RUNPATH_SEARCH_PATHS = (
					"$(inherited)",
					"@executable_path/Frameworks",
				);
				MARKETING_VERSION = 1.0;
				PRODUCT_BUNDLE_IDENTIFIER = com.yahya.PassingDataBetwenActivity;
				PRODUCT_NAME = "$(TARGET_NAME)";
				SWIFT_EMIT_LOC_STRINGS = YES;
				SWIFT_VERSION = 5.0;
				TARGETED_DEVICE_FAMILY = "1,2";
			};
			name = Release;
		};
		C3F9F4792D20023800E16D68 /* Debug */ = {
			isa = XCBuildConfiguration;
			buildSettings = {
				ALWAYS_SEARCH_USER_PATHS = NO;
				ASSETCATALOG_COMPILER_GENERATE_SWIFT_ASSET_SYMBOL_EXTENSIONS = YES;
				CLANG_ANALYZER_NONNULL = YES;
				CLANG_ANALYZER_NUMBER_OBJECT_CONVERSION = YES_AGGRESSIVE;
				CLANG_CXX_LANGUAGE_STANDARD = "gnu++20";
				CLANG_ENABLE_MODULES = YES;
				CLANG_ENABLE_OBJC_ARC = YES;
				CLANG_ENABLE_OBJC_WEAK = YES;
				CLANG_WARN_BLOCK_CAPTURE_AUTORELEASING = YES;
				CLANG_WARN_BOOL_CONVERSION = YES;
				CLANG_WARN_COMMA = YES;
				CLANG_WARN_CONSTANT_CONVERSION = YES;
				CLANG_WARN_DEPRECATED_OBJC_IMPLEMENTATIONS = YES;
				CLANG_WARN_DIRECT_OBJC_ISA_USAGE = YES_ERROR;
				CLANG_WARN_DOCUMENTATION_COMMENTS = YES;
				CLANG_WARN_EMPTY_BODY = YES;
				CLANG_WARN_ENUM_CONVERSION = YES;
				CLANG_WARN_INFINITE_RECURSION = YES;
				CLANG_WARN_INT_CONVERSION = YES;
				CLANG_WARN_NON_LITERAL_NULL_CONVERSION = YES;
				CLANG_WARN_OBJC_IMPLICIT_RETAIN_SELF = YES;
				CLANG_WARN_OBJC_LITERAL_CONVERSION = YES;
				CLANG_WARN_OBJC_ROOT_CLASS = YES_ERROR;
				CLANG_WARN_QUOTED_INCLUDE_IN_FRAMEWORK_HEADER = YES;
				CLANG_WARN_RANGE_LOOP_ANALYSIS = YES;
				CLANG_WARN_STRICT_PROTOTYPES = YES;
				CLANG_WARN_SUSPICIOUS_MOVE = YES;
				CLANG_WARN_UNGUARDED_AVAILABILITY = YES_AGGRESSIVE;
				CLANG_WARN_UNREACHABLE_CODE = YES;
				CLANG_WARN__DUPLICATE_METHOD_MATCH = YES;
				COPY_PHASE_STRIP = NO;
				DEBUG_INFORMATION_FORMAT = dwarf;
				ENABLE_STRICT_OBJC_MSGSEND = YES;
				ENABLE_TESTABILITY = YES;
				ENABLE_USER_SCRIPT_SANDBOXING = YES;
				GCC_C_LANGUAGE_STANDARD = gnu17;
				GCC_DYNAMIC_NO_PIC = NO;
				GCC_NO_COMMON_BLOCKS = YES;
				GCC_OPTIMIZATION_LEVEL = 0;
				GCC_PREPROCESSOR_DEFINITIONS = (
					"DEBUG=1",
					"$(inherited)",
				);
				GCC_WARN_64_TO_32_BIT_CONVERSION = YES;
				GCC_WARN_ABOUT_RETURN_TYPE = YES_ERROR;
				GCC_WARN_UNDECLARED_SELECTOR = YES;
				GCC_WARN_UNINITIALIZED_AUTOS = YES_AGGRESSIVE;
				GCC_WARN_UNUSED_FUNCTION = YES;
				GCC_WARN_UNUSED_VARIABLE = YES;
				IPHONEOS_DEPLOYMENT_TARGET = 18.2;
				LOCALIZATION_PREFERS_STRING_CATALOGS = YES;
				MTL_ENABLE_DEBUG_INFO = INCLUDE_SOURCE;
				MTL_FAST_MATH = YES;
				ONLY_ACTIVE_ARCH = YES;
				SDKROOT = iphoneos;
				SWIFT_ACTIVE_COMPILATION_CONDITIONS = "DEBUG $(inherited)";
				SWIFT_OPTIMIZATION_LEVEL = "-Onone";
			};
			name = Debug;
		};
		C3F9F47A2D20023800E16D68 /* Release */ = {
			isa = XCBuildConfiguration;
			buildSettings = {
				ALWAYS_SEARCH_USER_PATHS = NO;
				ASSETCATALOG_COMPILER_GENERATE_SWIFT_ASSET_SYMBOL_EXTENSIONS = YES;
				CLANG_ANALYZER_NONNULL = YES;
				CLANG_ANALYZER_NUMBER_OBJECT_CONVERSION = YES_AGGRESSIVE;
				CLANG_CXX_LANGUAGE_STANDARD = "gnu++20";
				CLANG_ENABLE_MODULES = YES;
				CLANG_ENABLE_OBJC_ARC = YES;
				CLANG_ENABLE_OBJC_WEAK = YES;
				CLANG_WARN_BLOCK_CAPTURE_AUTORELEASING = YES;
				CLANG_WARN_BOOL_CONVERSION = YES;
				CLANG_WARN_COMMA = YES;
				CLANG_WARN_CONSTANT_CONVERSION = YES;
				CLANG_WARN_DEPRECATED_OBJC_IMPLEMENTATIONS = YES;
				CLANG_WARN_DIRECT_OBJC_ISA_USAGE = YES_ERROR;
				CLANG_WARN_DOCUMENTATION_COMMENTS = YES;
				CLANG_WARN_EMPTY_BODY = YES;
				CLANG_WARN_ENUM_CONVERSION = YES;
				CLANG_WARN_INFINITE_RECURSION = YES;
				CLANG_WARN_INT_CONVERSION = YES;
				CLANG_WARN_NON_LITERAL_NULL_CONVERSION = YES;
				CLANG_WARN_OBJC_IMPLICIT_RETAIN_SELF = YES;
				CLANG_WARN_OBJC_LITERAL_CONVERSION = YES;
				CLANG_WARN_OBJC_ROOT_CLASS = YES_ERROR;
				CLANG_WARN_QUOTED_INCLUDE_IN_FRAMEWORK_HEADER = YES;
				CLANG_WARN_RANGE_LOOP_ANALYSIS = YES;
				CLANG_WARN_STRICT_PROTOTYPES = YES;
				CLANG_WARN_SUSPICIOUS_MOVE = YES;
				CLANG_WARN_UNGUARDED_AVAILABILITY = YES_AGGRESSIVE;
				CLANG_WARN_UNREACHABLE_CODE = YES;
				CLANG_WARN__DUPLICATE_METHOD_MATCH = YES;
				COPY_PHASE_STRIP = NO;
				DEBUG_INFORMATION_FORMAT = "dwarf-with-dsym";
				ENABLE_NS_ASSERTIONS = NO;
				ENABLE_STRICT_OBJC_MSGSEND = YES;
				ENABLE_USER_SCRIPT_SANDBOXING = YES;
				GCC_C_LANGUAGE_STANDARD = gnu17;
				GCC_NO_COMMON_BLOCKS = YES;
				GCC_WARN_64_TO_32_BIT_CONVERSION = YES;
				GCC_WARN_ABOUT_RETURN_TYPE = YES_ERROR;
				GCC_WARN_UNDECLARED_SELECTOR = YES;
				GCC_WARN_UNINITIALIZED_AUTOS = YES_AGGRESSIVE;
				GCC_WARN_UNUSED_FUNCTION = YES;
				GCC_WARN_UNUSED_VARIABLE = YES;
				IPHONEOS_DEPLOYMENT_TARGET = 18.2;
				LOCALIZATION_PREFERS_STRING_CATALOGS = YES;
				MTL_ENABLE_DEBUG_INFO = NO;
				MTL_FAST_MATH = YES;
				SDKROOT = iphoneos;
				SWIFT_COMPILATION_MODE = wholemodule;
				VALIDATE_PRODUCT = YES;
			};
			name = Release;
		};
		C3F9F47C2D20023800E16D68 /* Debug */ = {
			isa = XCBuildConfiguration;
			buildSettings = {
				BUNDLE_LOADER = "$(TEST_HOST)";
				CODE_SIGN_STYLE = Automatic;
				CURRENT_PROJECT_VERSION = 1;
				GENERATE_INFOPLIST_FILE = YES;
				IPHONEOS_DEPLOYMENT_TARGET = 18.2;
				MARKETING_VERSION = 1.0;
				PRODUCT_BUNDLE_IDENTIFIER = com.yahya.PassingDataBetwenActivityTests;
				PRODUCT_NAME = "$(TARGET_NAME)";
				SWIFT_EMIT_LOC_STRINGS = NO;
				SWIFT_VERSION = 5.0;
				TARGETED_DEVICE_FAMILY = "1,2";
				TEST_HOST = "$(BUILT_PRODUCTS_DIR)/PassingDataBetwenActivity.app/$(BUNDLE_EXECUTABLE_FOLDER_PATH)/PassingDataBetwenActivity";
			};
			name = Debug;
		};
		C3F9F47D2D20023800E16D68 /* Release */ = {
			isa = XCBuildConfiguration;
			buildSettings = {
				BUNDLE_LOADER = "$(TEST_HOST)";
				CODE_SIGN_STYLE = Automatic;
				CURRENT_PROJECT_VERSION = 1;
				GENERATE_INFOPLIST_FILE = YES;
				IPHONEOS_DEPLOYMENT_TARGET = 18.2;
				MARKETING_VERSION = 1.0;
				PRODUCT_BUNDLE_IDENTIFIER = com.yahya.PassingDataBetwenActivityTests;
				PRODUCT_NAME = "$(TARGET_NAME)";
				SWIFT_EMIT_LOC_STRINGS = NO;
				SWIFT_VERSION = 5.0;
				TARGETED_DEVICE_FAMILY = "1,2";
				TEST_HOST = "$(BUILT_PRODUCTS_DIR)/PassingDataBetwenActivity.app/$(BUNDLE_EXECUTABLE_FOLDER_PATH)/PassingDataBetwenActivity";
			};
			name = Release;
		};
		C3F9F47F2D20023800E16D68 /* Debug */ = {
			isa = XCBuildConfiguration;
			buildSettings = {
				CODE_SIGN_STYLE = Automatic;
				CURRENT_PROJECT_VERSION = 1;
				GENERATE_INFOPLIST_FILE = YES;
				MARKETING_VERSION = 1.0;
				PRODUCT_BUNDLE_IDENTIFIER = com.yahya.PassingDataBetwenActivityUITests;
				PRODUCT_NAME = "$(TARGET_NAME)";
				SWIFT_EMIT_LOC_STRINGS = NO;
				SWIFT_VERSION = 5.0;
				TARGETED_DEVICE_FAMILY = "1,2";
				TEST_TARGET_NAME = PassingDataBetwenActivity;
			};
			name = Debug;
		};
		C3F9F4802D20023800E16D68 /* Release */ = {
			isa = XCBuildConfiguration;
			buildSettings = {
				CODE_SIGN_STYLE = Automatic;
				CURRENT_PROJECT_VERSION = 1;
				GENERATE_INFOPLIST_FILE = YES;
				MARKETING_VERSION = 1.0;
				PRODUCT_BUNDLE_IDENTIFIER = com.yahya.PassingDataBetwenActivityUITests;
				PRODUCT_NAME = "$(TARGET_NAME)";
				SWIFT_EMIT_LOC_STRINGS = NO;
				SWIFT_VERSION = 5.0;
				TARGETED_DEVICE_FAMILY = "1,2";
				TEST_TARGET_NAME = PassingDataBetwenActivity;
			};
			name = Release;
		};
/* End XCBuildConfiguration section */

/* Begin XCConfigurationList section */
		C3F9F4482D20023500E16D68 /* Build configuration list for PBXProject "PassingDataBetwenActivity" */ = {
			isa = XCConfigurationList;
			buildConfigurations = (
				C3F9F4792D20023800E16D68 /* Debug */,
				C3F9F47A2D20023800E16D68 /* Release */,
			);
			defaultConfigurationIsVisible = 0;
			defaultConfigurationName = Release;
		};
		C3F9F4762D20023800E16D68 /* Build configuration list for PBXNativeTarget "PassingDataBetwenActivity" */ = {
			isa = XCConfigurationList;
			buildConfigurations = (
				C3F9F4772D20023800E16D68 /* Debug */,
				C3F9F4782D20023800E16D68 /* Release */,
			);
			defaultConfigurationIsVisible = 0;
			defaultConfigurationName = Release;
		};
		C3F9F47B2D20023800E16D68 /* Build configuration list for PBXNativeTarget "PassingDataBetwenActivityTests" */ = {
			isa = XCConfigurationList;
			buildConfigurations = (
				C3F9F47C2D20023800E16D68 /* Debug */,
				C3F9F47D2D20023800E16D68 /* Release */,
			);
			defaultConfigurationIsVisible = 0;
			defaultConfigurationName = Release;
		};
		C3F9F47E2D20023800E16D68 /* Build configuration list for PBXNativeTarget "PassingDataBetwenActivityUITests" */ = {
			isa = XCConfigurationList;
			buildConfigurations = (
				C3F9F47F2D20023800E16D68 /* Debug */,
				C3F9F4802D20023800E16D68 /* Release */,
			);
			defaultConfigurationIsVisible = 0;
			defaultConfigurationName = Release;
		};
/* End XCConfigurationList section */
	};
	rootObject = C3F9F4452D20023500E16D68 /* Project object */;
}
